
Microsoft Visual Studio Solution File, Format Version 12.00
# Visual Studio Version 16
VisualStudioVersion = 16.0.28803.156
MinimumVisualStudioVersion = 10.0.40219.1
Project("{FAE04EC0-301F-11D3-BF4B-00C04F79EFBC}") = "MongoDB.Logging", "MongoDB.Logging\MongoDB.Logging.csproj", "{24E2DC48-1220-4020-B19B-B26370C3EF8B}"
EndProject
Project("{FAE04EC0-301F-11D3-BF4B-00C04F79EFBC}") = "MongoDB.Logging.Test", "MongoDB.Logging.Test\MongoDB.Logging.Test.csproj", "{DFFE6318-E6E0-4C7A-8D1A-A3B11B60C479}"
EndProject
Global
	GlobalSection(SolutionConfigurationPlatforms) = preSolution
		Debug|Any CPU = Debug|Any CPU
		Release|Any CPU = Release|Any CPU
	EndGlobalSection
	GlobalSection(ProjectConfigurationPlatforms) = postSolution
		{24E2DC48-1220-4020-B19B-B26370C3EF8B}.Debug|Any CPU.ActiveCfg = Debug|Any CPU
		{24E2DC48-1220-4020-B19B-B26370C3EF8B}.Debug|Any CPU.Build.0 = Debug|Any CPU
		{24E2DC48-1220-4020-B19B-B26370C3EF8B}.Release|Any CPU.ActiveCfg = Release|Any CPU
		{24E2DC48-1220-4020-B19B-B26370C3EF8B}.Release|Any CPU.Build.0 = Release|Any CPU
		{DFFE6318-E6E0-4C7A-8D1A-A3B11B60C479}.Debug|Any CPU.ActiveCfg = Debug|Any CPU
		{DFFE6318-E6E0-4C7A-8D1A-A3B11B60C479}.Debug|Any CPU.Build.0 = Debug|Any CPU
		{DFFE6318-E6E0-4C7A-8D1A-A3B11B60C479}.Release|Any CPU.ActiveCfg = Release|Any CPU
		{DFFE6318-E6E0-4C7A-8D1A-A3B11B60C479}.Release|Any CPU.Build.0 = Release|Any CPU
	EndGlobalSection
	GlobalSection(SolutionProperties) = preSolution
		HideSolutionNode = FALSE
	EndGlobalSection
	GlobalSection(ExtensibilityGlobals) = postSolution
		SolutionGuid = {93CE1CBC-AB66-4D31-8FBC-15D43937A5E7}
	EndGlobalSection
EndGlobal
